// !$*UTF8*$!
{
	archiveVersion = 1;
	classes = {
	};
	objectVersion = 51;
	objects = {

/* Begin PBXBuildFile section */
		0403DB8421C4749500EAFE47 /* AppDelegate.swift in Sources */ = {isa = PBXBuildFile; fileRef = 0403DB8321C4749500EAFE47 /* AppDelegate.swift */; };
		0403DB8621C4749500EAFE47 /* MainVC.swift in Sources */ = {isa = PBXBuildFile; fileRef = 0403DB8521C4749500EAFE47 /* MainVC.swift */; };
		0403DB8921C4749500EAFE47 /* Main.storyboard in Resources */ = {isa = PBXBuildFile; fileRef = 0403DB8721C4749500EAFE47 /* Main.storyboard */; };
		0403DB8B21C4749800EAFE47 /* Assets.xcassets in Resources */ = {isa = PBXBuildFile; fileRef = 0403DB8A21C4749800EAFE47 /* Assets.xcassets */; };
		0403DB8E21C4749800EAFE47 /* LaunchScreen.storyboard in Resources */ = {isa = PBXBuildFile; fileRef = 0403DB8C21C4749800EAFE47 /* LaunchScreen.storyboard */; };
		0403DB9A21C475A000EAFE47 /* Constant.swift in Sources */ = {isa = PBXBuildFile; fileRef = 0403DB9921C475A000EAFE47 /* Constant.swift */; };
		0403DB9C21C475E000EAFE47 /* SearchService.swift in Sources */ = {isa = PBXBuildFile; fileRef = 0403DB9B21C475E000EAFE47 /* SearchService.swift */; };
		04FBE4D721C511EB00F1071A /* PhotoModel.swift in Sources */ = {isa = PBXBuildFile; fileRef = 04FBE4D621C511EB00F1071A /* PhotoModel.swift */; };
		04FBE4DC21C5184500F1071A /* UserPhotoVC.swift in Sources */ = {isa = PBXBuildFile; fileRef = 04FBE4DB21C5184500F1071A /* UserPhotoVC.swift */; };
		930133E924B52C0300A3A36B /* HomeViewModel.swift in Sources */ = {isa = PBXBuildFile; fileRef = 930133E824B52C0300A3A36B /* HomeViewModel.swift */; };
		930133EC24B52C2700A3A36B /* ViewModelProtocol.swift in Sources */ = {isa = PBXBuildFile; fileRef = 930133EB24B52C2700A3A36B /* ViewModelProtocol.swift */; };
		93067F7724C274EF0097E8CE /* BaseViewModel.swift in Sources */ = {isa = PBXBuildFile; fileRef = 93067F7624C274EF0097E8CE /* BaseViewModel.swift */; };
		93067F7924C281380097E8CE /* SimpleViewModel.swift in Sources */ = {isa = PBXBuildFile; fileRef = 93067F7824C281380097E8CE /* SimpleViewModel.swift */; };
		9315D8BB24B9F8E800DE3C71 /* SearchCellViewModel.swift in Sources */ = {isa = PBXBuildFile; fileRef = 9315D8BA24B9F8E800DE3C71 /* SearchCellViewModel.swift */; };
		9315D8CA24BA341B00DE3C71 /* SearchPhotoCell.swift in Sources */ = {isa = PBXBuildFile; fileRef = 9315D8C824BA341B00DE3C71 /* SearchPhotoCell.swift */; };
		9315D8CB24BA341B00DE3C71 /* SearchPhotoCell.xib in Resources */ = {isa = PBXBuildFile; fileRef = 9315D8C924BA341B00DE3C71 /* SearchPhotoCell.xib */; };
		9315D8CF24BA42D500DE3C71 /* UserPhotoViewModel.swift in Sources */ = {isa = PBXBuildFile; fileRef = 9315D8CE24BA42D500DE3C71 /* UserPhotoViewModel.swift */; };
		9315D8D324BA449900DE3C71 /* EX+UserPhotoVC+UITableViewDelegate.swift in Sources */ = {isa = PBXBuildFile; fileRef = 9315D8D224BA449900DE3C71 /* EX+UserPhotoVC+UITableViewDelegate.swift */; };
		9315D8D524BA44CF00DE3C71 /*  EX+UserPhotoVC+UITableViewDataSource.swift in Sources */ = {isa = PBXBuildFile; fileRef = 9315D8D424BA44CF00DE3C71 /*  EX+UserPhotoVC+UITableViewDataSource.swift */; };
		9315D8D824BA458000DE3C71 /* UserPhotoCell.swift in Sources */ = {isa = PBXBuildFile; fileRef = 9315D8D624BA458000DE3C71 /* UserPhotoCell.swift */; };
		9315D8D924BA458000DE3C71 /* UserPhotoCell.xib in Resources */ = {isa = PBXBuildFile; fileRef = 9315D8D724BA458000DE3C71 /* UserPhotoCell.xib */; };
		9315D8DB24BA463B00DE3C71 /* UserPhotoCellViewModel.swift in Sources */ = {isa = PBXBuildFile; fileRef = 9315D8DA24BA463B00DE3C71 /* UserPhotoCellViewModel.swift */; };
		93C7A2A524B892410011C7F6 /* Observable.swift in Sources */ = {isa = PBXBuildFile; fileRef = 93C7A2A424B892410011C7F6 /* Observable.swift */; };
		93C7A2A724B895DC0011C7F6 /* State.swift in Sources */ = {isa = PBXBuildFile; fileRef = 93C7A2A624B895DC0011C7F6 /* State.swift */; };
		93C7A2A924B932910011C7F6 /* FlickerEndPoint.swift in Sources */ = {isa = PBXBuildFile; fileRef = 93C7A2A824B932910011C7F6 /* FlickerEndPoint.swift */; };
		93C7A2AB24B932A20011C7F6 /* NetworkManager.swift in Sources */ = {isa = PBXBuildFile; fileRef = 93C7A2AA24B932A20011C7F6 /* NetworkManager.swift */; };
		93C7A2AD24B932AF0011C7F6 /* FlickerRepo.swift in Sources */ = {isa = PBXBuildFile; fileRef = 93C7A2AC24B932AF0011C7F6 /* FlickerRepo.swift */; };
		93C7A2AF24B932BC0011C7F6 /* FlickerRepoProtocol.swift in Sources */ = {isa = PBXBuildFile; fileRef = 93C7A2AE24B932BC0011C7F6 /* FlickerRepoProtocol.swift */; };
		93C7A2B124B939750011C7F6 /* EX+MainVC+UITableViewDelegate.swift in Sources */ = {isa = PBXBuildFile; fileRef = 93C7A2B024B939750011C7F6 /* EX+MainVC+UITableViewDelegate.swift */; };
		93C7A2B324B939DF0011C7F6 /* EX+MainVC+UITableViewDataSource.swift in Sources */ = {isa = PBXBuildFile; fileRef = 93C7A2B224B939DF0011C7F6 /* EX+MainVC+UITableViewDataSource.swift */; };
		93C7A2B524B93A290011C7F6 /* EX+MainVC+UISearchBarDelegate.swift in Sources */ = {isa = PBXBuildFile; fileRef = 93C7A2B424B93A290011C7F6 /* EX+MainVC+UISearchBarDelegate.swift */; };
		D29E5AD7001DD7D13B5A8CD4 /* Pods_Flicker_Search.framework in Frameworks */ = {isa = PBXBuildFile; fileRef = 7B6BE93DA37542F2A54413B7 /* Pods_Flicker_Search.framework */; };
/* End PBXBuildFile section */

/* Begin PBXFileReference section */
		0403DB8021C4749500EAFE47 /* Flicker Search.app */ = {isa = PBXFileReference; explicitFileType = wrapper.application; includeInIndex = 0; path = "Flicker Search.app"; sourceTree = BUILT_PRODUCTS_DIR; };
		0403DB8321C4749500EAFE47 /* AppDelegate.swift */ = {isa = PBXFileReference; lastKnownFileType = sourcecode.swift; path = AppDelegate.swift; sourceTree = "<group>"; };
		0403DB8521C4749500EAFE47 /* MainVC.swift */ = {isa = PBXFileReference; lastKnownFileType = sourcecode.swift; path = MainVC.swift; sourceTree = "<group>"; };
		0403DB8821C4749500EAFE47 /* Base */ = {isa = PBXFileReference; lastKnownFileType = file.storyboard; name = Base; path = Base.lproj/Main.storyboard; sourceTree = "<group>"; };
		0403DB8A21C4749800EAFE47 /* Assets.xcassets */ = {isa = PBXFileReference; lastKnownFileType = folder.assetcatalog; path = Assets.xcassets; sourceTree = "<group>"; };
		0403DB8D21C4749800EAFE47 /* Base */ = {isa = PBXFileReference; lastKnownFileType = file.storyboard; name = Base; path = Base.lproj/LaunchScreen.storyboard; sourceTree = "<group>"; };
		0403DB8F21C4749800EAFE47 /* Info.plist */ = {isa = PBXFileReference; lastKnownFileType = text.plist.xml; path = Info.plist; sourceTree = "<group>"; };
		0403DB9921C475A000EAFE47 /* Constant.swift */ = {isa = PBXFileReference; lastKnownFileType = sourcecode.swift; path = Constant.swift; sourceTree = "<group>"; };
		0403DB9B21C475E000EAFE47 /* SearchService.swift */ = {isa = PBXFileReference; lastKnownFileType = sourcecode.swift; path = SearchService.swift; sourceTree = "<group>"; };
		04FBE4D621C511EB00F1071A /* PhotoModel.swift */ = {isa = PBXFileReference; lastKnownFileType = sourcecode.swift; path = PhotoModel.swift; sourceTree = "<group>"; };
		04FBE4DB21C5184500F1071A /* UserPhotoVC.swift */ = {isa = PBXFileReference; lastKnownFileType = sourcecode.swift; path = UserPhotoVC.swift; sourceTree = "<group>"; };
		41F756644E1C25284E6C2855 /* Pods-Flicker Search.release.xcconfig */ = {isa = PBXFileReference; includeInIndex = 1; lastKnownFileType = text.xcconfig; name = "Pods-Flicker Search.release.xcconfig"; path = "Pods/Target Support Files/Pods-Flicker Search/Pods-Flicker Search.release.xcconfig"; sourceTree = "<group>"; };
		5F264442C4A334BBEFAF5B55 /* Pods-Flicker Search.debug.xcconfig */ = {isa = PBXFileReference; includeInIndex = 1; lastKnownFileType = text.xcconfig; name = "Pods-Flicker Search.debug.xcconfig"; path = "Pods/Target Support Files/Pods-Flicker Search/Pods-Flicker Search.debug.xcconfig"; sourceTree = "<group>"; };
		7B6BE93DA37542F2A54413B7 /* Pods_Flicker_Search.framework */ = {isa = PBXFileReference; explicitFileType = wrapper.framework; includeInIndex = 0; path = Pods_Flicker_Search.framework; sourceTree = BUILT_PRODUCTS_DIR; };
		930133E824B52C0300A3A36B /* HomeViewModel.swift */ = {isa = PBXFileReference; lastKnownFileType = sourcecode.swift; path = HomeViewModel.swift; sourceTree = "<group>"; };
		930133EB24B52C2700A3A36B /* ViewModelProtocol.swift */ = {isa = PBXFileReference; lastKnownFileType = sourcecode.swift; path = ViewModelProtocol.swift; sourceTree = "<group>"; };
		93067F7624C274EF0097E8CE /* BaseViewModel.swift */ = {isa = PBXFileReference; lastKnownFileType = sourcecode.swift; path = BaseViewModel.swift; sourceTree = "<group>"; };
		93067F7824C281380097E8CE /* SimpleViewModel.swift */ = {isa = PBXFileReference; lastKnownFileType = sourcecode.swift; path = SimpleViewModel.swift; sourceTree = "<group>"; };
		9315D8BA24B9F8E800DE3C71 /* SearchCellViewModel.swift */ = {isa = PBXFileReference; lastKnownFileType = sourcecode.swift; path = SearchCellViewModel.swift; sourceTree = "<group>"; };
		9315D8C824BA341B00DE3C71 /* SearchPhotoCell.swift */ = {isa = PBXFileReference; lastKnownFileType = sourcecode.swift; path = SearchPhotoCell.swift; sourceTree = "<group>"; };
		9315D8C924BA341B00DE3C71 /* SearchPhotoCell.xib */ = {isa = PBXFileReference; lastKnownFileType = file.xib; path = SearchPhotoCell.xib; sourceTree = "<group>"; };
		9315D8CE24BA42D500DE3C71 /* UserPhotoViewModel.swift */ = {isa = PBXFileReference; lastKnownFileType = sourcecode.swift; path = UserPhotoViewModel.swift; sourceTree = "<group>"; };
		9315D8D224BA449900DE3C71 /* EX+UserPhotoVC+UITableViewDelegate.swift */ = {isa = PBXFileReference; lastKnownFileType = sourcecode.swift; path = "EX+UserPhotoVC+UITableViewDelegate.swift"; sourceTree = "<group>"; };
		9315D8D424BA44CF00DE3C71 /*  EX+UserPhotoVC+UITableViewDataSource.swift */ = {isa = PBXFileReference; lastKnownFileType = sourcecode.swift; path = " EX+UserPhotoVC+UITableViewDataSource.swift"; sourceTree = "<group>"; };
		9315D8D624BA458000DE3C71 /* UserPhotoCell.swift */ = {isa = PBXFileReference; lastKnownFileType = sourcecode.swift; path = UserPhotoCell.swift; sourceTree = "<group>"; };
		9315D8D724BA458000DE3C71 /* UserPhotoCell.xib */ = {isa = PBXFileReference; lastKnownFileType = file.xib; path = UserPhotoCell.xib; sourceTree = "<group>"; };
		9315D8DA24BA463B00DE3C71 /* UserPhotoCellViewModel.swift */ = {isa = PBXFileReference; lastKnownFileType = sourcecode.swift; path = UserPhotoCellViewModel.swift; sourceTree = "<group>"; };
		93C7A2A424B892410011C7F6 /* Observable.swift */ = {isa = PBXFileReference; lastKnownFileType = sourcecode.swift; path = Observable.swift; sourceTree = "<group>"; };
		93C7A2A624B895DC0011C7F6 /* State.swift */ = {isa = PBXFileReference; lastKnownFileType = sourcecode.swift; path = State.swift; sourceTree = "<group>"; };
		93C7A2A824B932910011C7F6 /* FlickerEndPoint.swift */ = {isa = PBXFileReference; lastKnownFileType = sourcecode.swift; path = FlickerEndPoint.swift; sourceTree = "<group>"; };
		93C7A2AA24B932A20011C7F6 /* NetworkManager.swift */ = {isa = PBXFileReference; lastKnownFileType = sourcecode.swift; path = NetworkManager.swift; sourceTree = "<group>"; };
		93C7A2AC24B932AF0011C7F6 /* FlickerRepo.swift */ = {isa = PBXFileReference; lastKnownFileType = sourcecode.swift; path = FlickerRepo.swift; sourceTree = "<group>"; };
		93C7A2AE24B932BC0011C7F6 /* FlickerRepoProtocol.swift */ = {isa = PBXFileReference; lastKnownFileType = sourcecode.swift; path = FlickerRepoProtocol.swift; sourceTree = "<group>"; };
		93C7A2B024B939750011C7F6 /* EX+MainVC+UITableViewDelegate.swift */ = {isa = PBXFileReference; lastKnownFileType = sourcecode.swift; path = "EX+MainVC+UITableViewDelegate.swift"; sourceTree = "<group>"; };
		93C7A2B224B939DF0011C7F6 /* EX+MainVC+UITableViewDataSource.swift */ = {isa = PBXFileReference; lastKnownFileType = sourcecode.swift; path = "EX+MainVC+UITableViewDataSource.swift"; sourceTree = "<group>"; };
		93C7A2B424B93A290011C7F6 /* EX+MainVC+UISearchBarDelegate.swift */ = {isa = PBXFileReference; lastKnownFileType = sourcecode.swift; path = "EX+MainVC+UISearchBarDelegate.swift"; sourceTree = "<group>"; };
/* End PBXFileReference section */

/* Begin PBXFrameworksBuildPhase section */
		0403DB7D21C4749500EAFE47 /* Frameworks */ = {
			isa = PBXFrameworksBuildPhase;
			buildActionMask = 2147483647;
			files = (
				D29E5AD7001DD7D13B5A8CD4 /* Pods_Flicker_Search.framework in Frameworks */,
			);
			runOnlyForDeploymentPostprocessing = 0;
		};
/* End PBXFrameworksBuildPhase section */

/* Begin PBXGroup section */
		0403DB7721C4749500EAFE47 = {
			isa = PBXGroup;
			children = (
				0403DB8221C4749500EAFE47 /* Flicker Search */,
				0403DB8121C4749500EAFE47 /* Products */,
				C793063CA07C8ECD146A272A /* Pods */,
				A118DB2C8EF6DEBB2060EF02 /* Frameworks */,
			);
			sourceTree = "<group>";
		};
		0403DB8121C4749500EAFE47 /* Products */ = {
			isa = PBXGroup;
			children = (
				0403DB8021C4749500EAFE47 /* Flicker Search.app */,
			);
			name = Products;
			sourceTree = "<group>";
		};
		0403DB8221C4749500EAFE47 /* Flicker Search */ = {
			isa = PBXGroup;
			children = (
				930133EA24B52C1000A3A36B /* Common */,
				930133E224B5227100A3A36B /* Moduel */,
				0403DB9821C4759100EAFE47 /* Utilites */,
				0403DB9721C4758A00EAFE47 /* Services */,
				0403DB9621C4757E00EAFE47 /* Model */,
				0403DB8721C4749500EAFE47 /* Main.storyboard */,
				0403DB8A21C4749800EAFE47 /* Assets.xcassets */,
				0403DB8C21C4749800EAFE47 /* LaunchScreen.storyboard */,
				0403DB8F21C4749800EAFE47 /* Info.plist */,
			);
			path = "Flicker Search";
			sourceTree = "<group>";
		};
		0403DB9621C4757E00EAFE47 /* Model */ = {
			isa = PBXGroup;
			children = (
				04FBE4D621C511EB00F1071A /* PhotoModel.swift */,
			);
			path = Model;
			sourceTree = "<group>";
		};
		0403DB9721C4758A00EAFE47 /* Services */ = {
			isa = PBXGroup;
			children = (
				0403DB9B21C475E000EAFE47 /* SearchService.swift */,
				93C7A2AC24B932AF0011C7F6 /* FlickerRepo.swift */,
				93C7A2AE24B932BC0011C7F6 /* FlickerRepoProtocol.swift */,
			);
			path = Services;
			sourceTree = "<group>";
		};
		0403DB9821C4759100EAFE47 /* Utilites */ = {
			isa = PBXGroup;
			children = (
				0403DB9921C475A000EAFE47 /* Constant.swift */,
			);
			path = Utilites;
			sourceTree = "<group>";
		};
		930133E224B5227100A3A36B /* Moduel */ = {
			isa = PBXGroup;
			children = (
				9315D8CC24BA428800DE3C71 /* UserPhotos */,
				930133E324B5228000A3A36B /* Home */,
			);
			path = Moduel;
			sourceTree = "<group>";
		};
		930133E324B5228000A3A36B /* Home */ = {
			isa = PBXGroup;
			children = (
				9315D8C324BA0E3E00DE3C71 /* Cell */,
				930133E724B52BCD00A3A36B /* ViewModel */,
				930133E524B5229400A3A36B /* Controller */,
			);
			path = Home;
			sourceTree = "<group>";
		};
		930133E524B5229400A3A36B /* Controller */ = {
			isa = PBXGroup;
			children = (
				0403DB8521C4749500EAFE47 /* MainVC.swift */,
				93C7A2B024B939750011C7F6 /* EX+MainVC+UITableViewDelegate.swift */,
				93C7A2B224B939DF0011C7F6 /* EX+MainVC+UITableViewDataSource.swift */,
				93C7A2B424B93A290011C7F6 /* EX+MainVC+UISearchBarDelegate.swift */,
			);
			path = Controller;
			sourceTree = "<group>";
		};
		930133E724B52BCD00A3A36B /* ViewModel */ = {
			isa = PBXGroup;
			children = (
				930133E824B52C0300A3A36B /* HomeViewModel.swift */,
				9315D8BA24B9F8E800DE3C71 /* SearchCellViewModel.swift */,
				93067F7824C281380097E8CE /* SimpleViewModel.swift */,
			);
			path = ViewModel;
			sourceTree = "<group>";
		};
		930133EA24B52C1000A3A36B /* Common */ = {
			isa = PBXGroup;
			children = (
				0403DB8321C4749500EAFE47 /* AppDelegate.swift */,
				93C7A2B724B93BBE0011C7F6 /* Bases */,
				93C7A2B624B93BB20011C7F6 /* Networking */,
			);
			path = Common;
			sourceTree = "<group>";
		};
		9315D8C324BA0E3E00DE3C71 /* Cell */ = {
			isa = PBXGroup;
			children = (
				9315D8C824BA341B00DE3C71 /* SearchPhotoCell.swift */,
				9315D8C924BA341B00DE3C71 /* SearchPhotoCell.xib */,
			);
			path = Cell;
			sourceTree = "<group>";
		};
		9315D8CC24BA428800DE3C71 /* UserPhotos */ = {
			isa = PBXGroup;
			children = (
				9315D8D124BA447A00DE3C71 /* Controller */,
				9315D8D024BA42FE00DE3C71 /* Cell */,
				9315D8CD24BA42C400DE3C71 /* ViewModel */,
			);
			path = UserPhotos;
			sourceTree = "<group>";
		};
		9315D8CD24BA42C400DE3C71 /* ViewModel */ = {
			isa = PBXGroup;
			children = (
				9315D8DA24BA463B00DE3C71 /* UserPhotoCellViewModel.swift */,
				9315D8CE24BA42D500DE3C71 /* UserPhotoViewModel.swift */,
			);
			path = ViewModel;
			sourceTree = "<group>";
		};
		9315D8D024BA42FE00DE3C71 /* Cell */ = {
			isa = PBXGroup;
			children = (
				9315D8D624BA458000DE3C71 /* UserPhotoCell.swift */,
				9315D8D724BA458000DE3C71 /* UserPhotoCell.xib */,
			);
			path = Cell;
			sourceTree = "<group>";
		};
		9315D8D124BA447A00DE3C71 /* Controller */ = {
			isa = PBXGroup;
			children = (
				04FBE4DB21C5184500F1071A /* UserPhotoVC.swift */,
				9315D8D224BA449900DE3C71 /* EX+UserPhotoVC+UITableViewDelegate.swift */,
				9315D8D424BA44CF00DE3C71 /*  EX+UserPhotoVC+UITableViewDataSource.swift */,
			);
			path = Controller;
			sourceTree = "<group>";
		};
		93C7A2B624B93BB20011C7F6 /* Networking */ = {
			isa = PBXGroup;
			children = (
				93C7A2A824B932910011C7F6 /* FlickerEndPoint.swift */,
				93C7A2AA24B932A20011C7F6 /* NetworkManager.swift */,
			);
			path = Networking;
			sourceTree = "<group>";
		};
		93C7A2B724B93BBE0011C7F6 /* Bases */ = {
			isa = PBXGroup;
			children = (
				930133EB24B52C2700A3A36B /* ViewModelProtocol.swift */,
				93C7A2A424B892410011C7F6 /* Observable.swift */,
				93C7A2A624B895DC0011C7F6 /* State.swift */,
				93067F7624C274EF0097E8CE /* BaseViewModel.swift */,
			);
			path = Bases;
			sourceTree = "<group>";
		};
		A118DB2C8EF6DEBB2060EF02 /* Frameworks */ = {
			isa = PBXGroup;
			children = (
				7B6BE93DA37542F2A54413B7 /* Pods_Flicker_Search.framework */,
			);
			name = Frameworks;
			sourceTree = "<group>";
		};
		C793063CA07C8ECD146A272A /* Pods */ = {
			isa = PBXGroup;
			children = (
				5F264442C4A334BBEFAF5B55 /* Pods-Flicker Search.debug.xcconfig */,
				41F756644E1C25284E6C2855 /* Pods-Flicker Search.release.xcconfig */,
			);
			name = Pods;
			sourceTree = "<group>";
		};
/* End PBXGroup section */

/* Begin PBXNativeTarget section */
		0403DB7F21C4749500EAFE47 /* Flicker Search */ = {
			isa = PBXNativeTarget;
			buildConfigurationList = 0403DB9221C4749800EAFE47 /* Build configuration list for PBXNativeTarget "Flicker Search" */;
			buildPhases = (
				1C8021F8AA7CD08560A89F1C /* [CP] Check Pods Manifest.lock */,
				0403DB7C21C4749500EAFE47 /* Sources */,
				0403DB7D21C4749500EAFE47 /* Frameworks */,
				0403DB7E21C4749500EAFE47 /* Resources */,
				3184D800A0D77EAA6116C2B5 /* [CP] Embed Pods Frameworks */,
			);
			buildRules = (
			);
			dependencies = (
			);
			name = "Flicker Search";
			productName = "Flicker Search";
			productReference = 0403DB8021C4749500EAFE47 /* Flicker Search.app */;
			productType = "com.apple.product-type.application";
		};
/* End PBXNativeTarget section */

/* Begin PBXProject section */
		0403DB7821C4749500EAFE47 /* Project object */ = {
			isa = PBXProject;
			attributes = {
				LastSwiftUpdateCheck = 1010;
				LastUpgradeCheck = 1010;
				ORGANIZATIONNAME = Askerlap;
				TargetAttributes = {
					0403DB7F21C4749500EAFE47 = {
						CreatedOnToolsVersion = 10.1;
					};
				};
			};
			buildConfigurationList = 0403DB7B21C4749500EAFE47 /* Build configuration list for PBXProject "Flicker Search" */;
			compatibilityVersion = "Xcode 9.3";
			developmentRegion = en;
			hasScannedForEncodings = 0;
			knownRegions = (
				en,
				Base,
			);
			mainGroup = 0403DB7721C4749500EAFE47;
			productRefGroup = 0403DB8121C4749500EAFE47 /* Products */;
			projectDirPath = "";
			projectRoot = "";
			targets = (
				0403DB7F21C4749500EAFE47 /* Flicker Search */,
			);
		};
/* End PBXProject section */

/* Begin PBXResourcesBuildPhase section */
		0403DB7E21C4749500EAFE47 /* Resources */ = {
			isa = PBXResourcesBuildPhase;
			buildActionMask = 2147483647;
			files = (
				0403DB8E21C4749800EAFE47 /* LaunchScreen.storyboard in Resources */,
				0403DB8B21C4749800EAFE47 /* Assets.xcassets in Resources */,
				9315D8CB24BA341B00DE3C71 /* SearchPhotoCell.xib in Resources */,
				0403DB8921C4749500EAFE47 /* Main.storyboard in Resources */,
				9315D8D924BA458000DE3C71 /* UserPhotoCell.xib in Resources */,
			);
			runOnlyForDeploymentPostprocessing = 0;
		};
/* End PBXResourcesBuildPhase section */

/* Begin PBXShellScriptBuildPhase section */
		1C8021F8AA7CD08560A89F1C /* [CP] Check Pods Manifest.lock */ = {
			isa = PBXShellScriptBuildPhase;
			buildActionMask = 2147483647;
			files = (
			);
			inputPaths = (
				"${PODS_PODFILE_DIR_PATH}/Podfile.lock",
				"${PODS_ROOT}/Manifest.lock",
			);
			name = "[CP] Check Pods Manifest.lock";
			outputPaths = (
				"$(DERIVED_FILE_DIR)/Pods-Flicker Search-checkManifestLockResult.txt",
			);
			runOnlyForDeploymentPostprocessing = 0;
			shellPath = /bin/sh;
			shellScript = "diff \"${PODS_PODFILE_DIR_PATH}/Podfile.lock\" \"${PODS_ROOT}/Manifest.lock\" > /dev/null\nif [ $? != 0 ] ; then\n    # print error to STDERR\n    echo \"error: The sandbox is not in sync with the Podfile.lock. Run 'pod install' or update your CocoaPods installation.\" >&2\n    exit 1\nfi\n# This output is used by Xcode 'outputs' to avoid re-running this script phase.\necho \"SUCCESS\" > \"${SCRIPT_OUTPUT_FILE_0}\"\n";
			showEnvVarsInLog = 0;
		};
		3184D800A0D77EAA6116C2B5 /* [CP] Embed Pods Frameworks */ = {
			isa = PBXShellScriptBuildPhase;
			buildActionMask = 2147483647;
			files = (
			);
			inputFileListPaths = (
				"${PODS_ROOT}/Target Support Files/Pods-Flicker Search/Pods-Flicker Search-frameworks-${CONFIGURATION}-input-files.xcfilelist",
			);
			name = "[CP] Embed Pods Frameworks";
			outputFileListPaths = (
				"${PODS_ROOT}/Target Support Files/Pods-Flicker Search/Pods-Flicker Search-frameworks-${CONFIGURATION}-output-files.xcfilelist",
			);
			runOnlyForDeploymentPostprocessing = 0;
			shellPath = /bin/sh;
			shellScript = "\"${PODS_ROOT}/Target Support Files/Pods-Flicker Search/Pods-Flicker Search-frameworks.sh\"\n";
			showEnvVarsInLog = 0;
		};
/* End PBXShellScriptBuildPhase section */

/* Begin PBXSourcesBuildPhase section */
		0403DB7C21C4749500EAFE47 /* Sources */ = {
			isa = PBXSourcesBuildPhase;
			buildActionMask = 2147483647;
			files = (
				0403DB8621C4749500EAFE47 /* MainVC.swift in Sources */,
				93C7A2AF24B932BC0011C7F6 /* FlickerRepoProtocol.swift in Sources */,
				93C7A2B124B939750011C7F6 /* EX+MainVC+UITableViewDelegate.swift in Sources */,
				9315D8CF24BA42D500DE3C71 /* UserPhotoViewModel.swift in Sources */,
				9315D8DB24BA463B00DE3C71 /* UserPhotoCellViewModel.swift in Sources */,
				0403DB9C21C475E000EAFE47 /* SearchService.swift in Sources */,
				93067F7924C281380097E8CE /* SimpleViewModel.swift in Sources */,
				93067F7724C274EF0097E8CE /* BaseViewModel.swift in Sources */,
				9315D8CA24BA341B00DE3C71 /* SearchPhotoCell.swift in Sources */,
				9315D8D824BA458000DE3C71 /* UserPhotoCell.swift in Sources */,
				9315D8D324BA449900DE3C71 /* EX+UserPhotoVC+UITableViewDelegate.swift in Sources */,
				93C7A2AB24B932A20011C7F6 /* NetworkManager.swift in Sources */,
				93C7A2A724B895DC0011C7F6 /* State.swift in Sources */,
				930133E924B52C0300A3A36B /* HomeViewModel.swift in Sources */,
				93C7A2AD24B932AF0011C7F6 /* FlickerRepo.swift in Sources */,
				9315D8BB24B9F8E800DE3C71 /* SearchCellViewModel.swift in Sources */,
				93C7A2A924B932910011C7F6 /* FlickerEndPoint.swift in Sources */,
				0403DB8421C4749500EAFE47 /* AppDelegate.swift in Sources */,
				930133EC24B52C2700A3A36B /* ViewModelProtocol.swift in Sources */,
				93C7A2A524B892410011C7F6 /* Observable.swift in Sources */,
				93C7A2B324B939DF0011C7F6 /* EX+MainVC+UITableViewDataSource.swift in Sources */,
				04FBE4D721C511EB00F1071A /* PhotoModel.swift in Sources */,
				93C7A2B524B93A290011C7F6 /* EX+MainVC+UISearchBarDelegate.swift in Sources */,
				9315D8D524BA44CF00DE3C71 /*  EX+UserPhotoVC+UITableViewDataSource.swift in Sources */,
				0403DB9A21C475A000EAFE47 /* Constant.swift in Sources */,
				04FBE4DC21C5184500F1071A /* UserPhotoVC.swift in Sources */,
			);
			runOnlyForDeploymentPostprocessing = 0;
		};
/* End PBXSourcesBuildPhase section */

/* Begin PBXVariantGroup section */
		0403DB8721C4749500EAFE47 /* Main.storyboard */ = {
			isa = PBXVariantGroup;
			children = (
				0403DB8821C4749500EAFE47 /* Base */,
			);
			name = Main.storyboard;
			sourceTree = "<group>";
		};
		0403DB8C21C4749800EAFE47 /* LaunchScreen.storyboard */ = {
			isa = PBXVariantGroup;
			children = (
				0403DB8D21C4749800EAFE47 /* Base */,
			);
			name = LaunchScreen.storyboard;
			sourceTree = "<group>";
		};
/* End PBXVariantGroup section */

/* Begin XCBuildConfiguration section */
		0403DB9021C4749800EAFE47 /* Debug */ = {
			isa = XCBuildConfiguration;
			buildSettings = {
				ALWAYS_SEARCH_USER_PATHS = NO;
				CLANG_ANALYZER_NONNULL = YES;
				CLANG_ANALYZER_NUMBER_OBJECT_CONVERSION = YES_AGGRESSIVE;
				CLANG_CXX_LANGUAGE_STANDARD = "gnu++14";
				CLANG_CXX_LIBRARY = "libc++";
				CLANG_ENABLE_MODULES = YES;
				CLANG_ENABLE_OBJC_ARC = YES;
				CLANG_ENABLE_OBJC_WEAK = YES;
				CLANG_WARN_BLOCK_CAPTURE_AUTORELEASING = YES;
				CLANG_WARN_BOOL_CONVERSION = YES;
				CLANG_WARN_COMMA = YES;
				CLANG_WARN_CONSTANT_CONVERSION = YES;
				CLANG_WARN_DEPRECATED_OBJC_IMPLEMENTATIONS = YES;
				CLANG_WARN_DIRECT_OBJC_ISA_USAGE = YES_ERROR;
				CLANG_WARN_DOCUMENTATION_COMMENTS = YES;
				CLANG_WARN_EMPTY_BODY = YES;
				CLANG_WARN_ENUM_CONVERSION = YES;
				CLANG_WARN_INFINITE_RECURSION = YES;
				CLANG_WARN_INT_CONVERSION = YES;
				CLANG_WARN_NON_LITERAL_NULL_CONVERSION = YES;
				CLANG_WARN_OBJC_IMPLICIT_RETAIN_SELF = YES;
				CLANG_WARN_OBJC_LITERAL_CONVERSION = YES;
				CLANG_WARN_OBJC_ROOT_CLASS = YES_ERROR;
				CLANG_WARN_RANGE_LOOP_ANALYSIS = YES;
				CLANG_WARN_STRICT_PROTOTYPES = YES;
				CLANG_WARN_SUSPICIOUS_MOVE = YES;
				CLANG_WARN_UNGUARDED_AVAILABILITY = YES_AGGRESSIVE;
				CLANG_WARN_UNREACHABLE_CODE = YES;
				CLANG_WARN__DUPLICATE_METHOD_MATCH = YES;
				CODE_SIGN_IDENTITY = "iPhone Developer";
				COPY_PHASE_STRIP = NO;
				DEBUG_INFORMATION_FORMAT = dwarf;
				ENABLE_STRICT_OBJC_MSGSEND = YES;
				ENABLE_TESTABILITY = YES;
				GCC_C_LANGUAGE_STANDARD = gnu11;
				GCC_DYNAMIC_NO_PIC = NO;
				GCC_NO_COMMON_BLOCKS = YES;
				GCC_OPTIMIZATION_LEVEL = 0;
				GCC_PREPROCESSOR_DEFINITIONS = (
					"DEBUG=1",
					"$(inherited)",
				);
				GCC_WARN_64_TO_32_BIT_CONVERSION = YES;
				GCC_WARN_ABOUT_RETURN_TYPE = YES_ERROR;
				GCC_WARN_UNDECLARED_SELECTOR = YES;
				GCC_WARN_UNINITIALIZED_AUTOS = YES_AGGRESSIVE;
				GCC_WARN_UNUSED_FUNCTION = YES;
				GCC_WARN_UNUSED_VARIABLE = YES;
				IPHONEOS_DEPLOYMENT_TARGET = 12.1;
				MTL_ENABLE_DEBUG_INFO = INCLUDE_SOURCE;
				MTL_FAST_MATH = YES;
				ONLY_ACTIVE_ARCH = YES;
				SDKROOT = iphoneos;
				SWIFT_ACTIVE_COMPILATION_CONDITIONS = DEBUG;
				SWIFT_OPTIMIZATION_LEVEL = "-Onone";
			};
			name = Debug;
		};
		0403DB9121C4749800EAFE47 /* Release */ = {
			isa = XCBuildConfiguration;
			buildSettings = {
				ALWAYS_SEARCH_USER_PATHS = NO;
				CLANG_ANALYZER_NONNULL = YES;
				CLANG_ANALYZER_NUMBER_OBJECT_CONVERSION = YES_AGGRESSIVE;
				CLANG_CXX_LANGUAGE_STANDARD = "gnu++14";
				CLANG_CXX_LIBRARY = "libc++";
				CLANG_ENABLE_MODULES = YES;
				CLANG_ENABLE_OBJC_ARC = YES;
				CLANG_ENABLE_OBJC_WEAK = YES;
				CLANG_WARN_BLOCK_CAPTURE_AUTORELEASING = YES;
				CLANG_WARN_BOOL_CONVERSION = YES;
				CLANG_WARN_COMMA = YES;
				CLANG_WARN_CONSTANT_CONVERSION = YES;
				CLANG_WARN_DEPRECATED_OBJC_IMPLEMENTATIONS = YES;
				CLANG_WARN_DIRECT_OBJC_ISA_USAGE = YES_ERROR;
				CLANG_WARN_DOCUMENTATION_COMMENTS = YES;
				CLANG_WARN_EMPTY_BODY = YES;
				CLANG_WARN_ENUM_CONVERSION = YES;
				CLANG_WARN_INFINITE_RECURSION = YES;
				CLANG_WARN_INT_CONVERSION = YES;
				CLANG_WARN_NON_LITERAL_NULL_CONVERSION = YES;
				CLANG_WARN_OBJC_IMPLICIT_RETAIN_SELF = YES;
				CLANG_WARN_OBJC_LITERAL_CONVERSION = YES;
				CLANG_WARN_OBJC_ROOT_CLASS = YES_ERROR;
				CLANG_WARN_RANGE_LOOP_ANALYSIS = YES;
				CLANG_WARN_STRICT_PROTOTYPES = YES;
				CLANG_WARN_SUSPICIOUS_MOVE = YES;
				CLANG_WARN_UNGUARDED_AVAILABILITY = YES_AGGRESSIVE;
				CLANG_WARN_UNREACHABLE_CODE = YES;
				CLANG_WARN__DUPLICATE_METHOD_MATCH = YES;
				CODE_SIGN_IDENTITY = "iPhone Developer";
				COPY_PHASE_STRIP = NO;
				DEBUG_INFORMATION_FORMAT = "dwarf-with-dsym";
				ENABLE_NS_ASSERTIONS = NO;
				ENABLE_STRICT_OBJC_MSGSEND = YES;
				GCC_C_LANGUAGE_STANDARD = gnu11;
				GCC_NO_COMMON_BLOCKS = YES;
				GCC_WARN_64_TO_32_BIT_CONVERSION = YES;
				GCC_WARN_ABOUT_RETURN_TYPE = YES_ERROR;
				GCC_WARN_UNDECLARED_SELECTOR = YES;
				GCC_WARN_UNINITIALIZED_AUTOS = YES_AGGRESSIVE;
				GCC_WARN_UNUSED_FUNCTION = YES;
				GCC_WARN_UNUSED_VARIABLE = YES;
				IPHONEOS_DEPLOYMENT_TARGET = 12.1;
				MTL_ENABLE_DEBUG_INFO = NO;
				MTL_FAST_MATH = YES;
				SDKROOT = iphoneos;
				SWIFT_COMPILATION_MODE = wholemodule;
				SWIFT_OPTIMIZATION_LEVEL = "-O";
				VALIDATE_PRODUCT = YES;
			};
			name = Release;
		};
		0403DB9321C4749800EAFE47 /* Debug */ = {
			isa = XCBuildConfiguration;
			baseConfigurationReference = 5F264442C4A334BBEFAF5B55 /* Pods-Flicker Search.debug.xcconfig */;
			buildSettings = {
				ASSETCATALOG_COMPILER_APPICON_NAME = AppIcon;
				CODE_SIGN_STYLE = Automatic;
				DEVELOPMENT_TEAM = 3E7858R98T;
				INFOPLIST_FILE = "Flicker Search/Info.plist";
				LD_RUNPATH_SEARCH_PATHS = (
					"$(inherited)",
					"@executable_path/Frameworks",
				);
				PRODUCT_BUNDLE_IDENTIFIER = "com.emad.askerlap.Flicker-Search";
				PRODUCT_NAME = "$(TARGET_NAME)";
				SWIFT_VERSION = 4.2;
				TARGETED_DEVICE_FAMILY = "1,2";
			};
			name = Debug;
		};
		0403DB9421C4749800EAFE47 /* Release */ = {
			isa = XCBuildConfiguration;
			baseConfigurationReference = 41F756644E1C25284E6C2855 /* Pods-Flicker Search.release.xcconfig */;
			buildSettings = {
				ASSETCATALOG_COMPILER_APPICON_NAME = AppIcon;
				CODE_SIGN_STYLE = Automatic;
				DEVELOPMENT_TEAM = 3E7858R98T;
				INFOPLIST_FILE = "Flicker Search/Info.plist";
				LD_RUNPATH_SEARCH_PATHS = (
					"$(inherited)",
					"@executable_path/Frameworks",
				);
				PRODUCT_BUNDLE_IDENTIFIER = "com.emad.askerlap.Flicker-Search";
				PRODUCT_NAME = "$(TARGET_NAME)";
				SWIFT_VERSION = 4.2;
				TARGETED_DEVICE_FAMILY = "1,2";
			};
			name = Release;
		};
/* End XCBuildConfiguration section */

/* Begin XCConfigurationList section */
		0403DB7B21C4749500EAFE47 /* Build configuration list for PBXProject "Flicker Search" */ = {
			isa = XCConfigurationList;
			buildConfigurations = (
				0403DB9021C4749800EAFE47 /* Debug */,
				0403DB9121C4749800EAFE47 /* Release */,
			);
			defaultConfigurationIsVisible = 0;
			defaultConfigurationName = Release;
		};
		0403DB9221C4749800EAFE47 /* Build configuration list for PBXNativeTarget "Flicker Search" */ = {
			isa = XCConfigurationList;
			buildConfigurations = (
				0403DB9321C4749800EAFE47 /* Debug */,
				0403DB9421C4749800EAFE47 /* Release */,
			);
			defaultConfigurationIsVisible = 0;
			defaultConfigurationName = Release;
		};
/* End XCConfigurationList section */
	};
	rootObject = 0403DB7821C4749500EAFE47 /* Project object */;
}
